
Microsoft Visual Studio Solution File, Format Version 12.00
# Visual Studio Version 17
VisualStudioVersion = 17.13.35818.85 d17.13
MinimumVisualStudioVersion = 10.0.40219.1
Project("{FAE04EC0-301F-11D3-BF4B-00C04F79EFBC}") = "DotNet9API", "DotNet9API\DotNet9API.csproj", "{8A93779C-65F5-4D3C-89B2-251CB87245E6}"
EndProject
Global
	GlobalSection(SolutionConfigurationPlatforms) = preSolution
		Debug|Any CPU = Debug|Any CPU
		Release|Any CPU = Release|Any CPU
	EndGlobalSection
	GlobalSection(ProjectConfigurationPlatforms) = postSolution
		{8A93779C-65F5-4D3C-89B2-251CB87245E6}.Debug|Any CPU.ActiveCfg = Debug|Any CPU
		{8A93779C-65F5-4D3C-89B2-251CB87245E6}.Debug|Any CPU.Build.0 = Debug|Any CPU
		{8A93779C-65F5-4D3C-89B2-251CB87245E6}.Release|Any CPU.ActiveCfg = Release|Any CPU
		{8A93779C-65F5-4D3C-89B2-251CB87245E6}.Release|Any CPU.Build.0 = Release|Any CPU
	EndGlobalSection
	GlobalSection(SolutionProperties) = preSolution
		HideSolutionNode = FALSE
	EndGlobalSection
	GlobalSection(ExtensibilityGlobals) = postSolution
		SolutionGuid = {08707069-0E34-4AE1-A3EF-4364E5763029}
	EndGlobalSection
EndGlobal
